
Microsoft Visual Studio Solution File, Format Version 12.00
# Visual Studio Version 17
VisualStudioVersion = 17.0.31903.59
MinimumVisualStudioVersion = 10.0.40219.1
Project("{2150E333-8FDC-42A3-9474-1A3956D46DE8}") = "src", "src", "{A266A93E-D824-4880-8392-7CF8F6CEAC84}"
EndProject
Project("{FAE04EC0-301F-11D3-BF4B-00C04F79EFBC}") = "Catan.Core", "src\Catan.Core\Catan.Core.csproj", "{D0014A30-2467-47AA-96E8-F64698071381}"
EndProject
Project("{2150E333-8FDC-42A3-9474-1A3956D46DE8}") = "tests", "tests", "{B69E4200-B7DB-49EF-966A-3B5CA376686F}"
EndProject
Project("{FAE04EC0-301F-11D3-BF4B-00C04F79EFBC}") = "Catan.Core.Tests", "tests\Catan.Core.Tests\Catan.Core.Tests.csproj", "{CCB9CC05-0B07-4C22-BD88-DF6F4558F500}"
EndProject
Project("{FAE04EC0-301F-11D3-BF4B-00C04F79EFBC}") = "Catan.Client", "src\Catan.Client\Catan.Client.csproj", "{F6BCD0C5-FE96-47B8-B1C9-7BB2229F3054}"
EndProject
Project("{FAE04EC0-301F-11D3-BF4B-00C04F79EFBC}") = "Catan.Client.Tests", "tests\Catan.Client.Tests\Catan.Client.Tests.csproj", "{7A6D3713-7BD7-48E4-A109-0058D4AB6303}"
EndProject
Global
	GlobalSection(SolutionConfigurationPlatforms) = preSolution
		Debug|Any CPU = Debug|Any CPU
		Release|Any CPU = Release|Any CPU
	EndGlobalSection
	GlobalSection(SolutionProperties) = preSolution
		HideSolutionNode = FALSE
	EndGlobalSection
	GlobalSection(ProjectConfigurationPlatforms) = postSolution
		{D0014A30-2467-47AA-96E8-F64698071381}.Debug|Any CPU.ActiveCfg = Debug|Any CPU
		{D0014A30-2467-47AA-96E8-F64698071381}.Debug|Any CPU.Build.0 = Debug|Any CPU
		{D0014A30-2467-47AA-96E8-F64698071381}.Release|Any CPU.ActiveCfg = Release|Any CPU
		{D0014A30-2467-47AA-96E8-F64698071381}.Release|Any CPU.Build.0 = Release|Any CPU
		{CCB9CC05-0B07-4C22-BD88-DF6F4558F500}.Debug|Any CPU.ActiveCfg = Debug|Any CPU
		{CCB9CC05-0B07-4C22-BD88-DF6F4558F500}.Debug|Any CPU.Build.0 = Debug|Any CPU
		{CCB9CC05-0B07-4C22-BD88-DF6F4558F500}.Release|Any CPU.ActiveCfg = Release|Any CPU
		{CCB9CC05-0B07-4C22-BD88-DF6F4558F500}.Release|Any CPU.Build.0 = Release|Any CPU
		{F6BCD0C5-FE96-47B8-B1C9-7BB2229F3054}.Debug|Any CPU.ActiveCfg = Debug|Any CPU
		{F6BCD0C5-FE96-47B8-B1C9-7BB2229F3054}.Debug|Any CPU.Build.0 = Debug|Any CPU
		{F6BCD0C5-FE96-47B8-B1C9-7BB2229F3054}.Release|Any CPU.ActiveCfg = Release|Any CPU
		{F6BCD0C5-FE96-47B8-B1C9-7BB2229F3054}.Release|Any CPU.Build.0 = Release|Any CPU
		{7A6D3713-7BD7-48E4-A109-0058D4AB6303}.Debug|Any CPU.ActiveCfg = Debug|Any CPU
		{7A6D3713-7BD7-48E4-A109-0058D4AB6303}.Debug|Any CPU.Build.0 = Debug|Any CPU
		{7A6D3713-7BD7-48E4-A109-0058D4AB6303}.Release|Any CPU.ActiveCfg = Release|Any CPU
		{7A6D3713-7BD7-48E4-A109-0058D4AB6303}.Release|Any CPU.Build.0 = Release|Any CPU
	EndGlobalSection
	GlobalSection(NestedProjects) = preSolution
		{D0014A30-2467-47AA-96E8-F64698071381} = {A266A93E-D824-4880-8392-7CF8F6CEAC84}
		{CCB9CC05-0B07-4C22-BD88-DF6F4558F500} = {B69E4200-B7DB-49EF-966A-3B5CA376686F}
		{F6BCD0C5-FE96-47B8-B1C9-7BB2229F3054} = {A266A93E-D824-4880-8392-7CF8F6CEAC84}
		{7A6D3713-7BD7-48E4-A109-0058D4AB6303} = {B69E4200-B7DB-49EF-966A-3B5CA376686F}
	EndGlobalSection
EndGlobal
