
Microsoft Visual Studio Solution File, Format Version 12.00
# Visual Studio Version 17
VisualStudioVersion = 17.0.31903.59
MinimumVisualStudioVersion = 10.0.40219.1
Project("{2150E333-8FDC-42A3-9474-1A3956D46DE8}") = "src", "src", "{7C95D06E-6336-4BA3-927F-0EFE090B9AE8}"
EndProject
Project("{FAE04EC0-301F-11D3-BF4B-00C04F79EFBC}") = "Catan.Server", "src\Catan.Server\Catan.Server.csproj", "{82D201C6-E035-4825-93EC-49EE3A768A09}"
EndProject
Project("{FAE04EC0-301F-11D3-BF4B-00C04F79EFBC}") = "Catan.Core", "..\src\Catan.Core\Catan.Core.csproj", "{28422D6C-3A00-407B-A8DF-92250C35477F}"
EndProject
Project("{2150E333-8FDC-42A3-9474-1A3956D46DE8}") = "tests", "tests", "{1333661B-2424-4E5D-AAB1-C14597A4959B}"
EndProject
Project("{FAE04EC0-301F-11D3-BF4B-00C04F79EFBC}") = "Catan.Server.Tests", "tests\Catan.Server.Tests\Catan.Server.Tests.csproj", "{7C776130-F6BE-4294-8CFC-7A398A5E53AD}"
EndProject
Global
	GlobalSection(SolutionConfigurationPlatforms) = preSolution
		Debug|Any CPU = Debug|Any CPU
		Release|Any CPU = Release|Any CPU
	EndGlobalSection
	GlobalSection(SolutionProperties) = preSolution
		HideSolutionNode = FALSE
	EndGlobalSection
	GlobalSection(ProjectConfigurationPlatforms) = postSolution
		{82D201C6-E035-4825-93EC-49EE3A768A09}.Debug|Any CPU.ActiveCfg = Debug|Any CPU
		{82D201C6-E035-4825-93EC-49EE3A768A09}.Debug|Any CPU.Build.0 = Debug|Any CPU
		{82D201C6-E035-4825-93EC-49EE3A768A09}.Release|Any CPU.ActiveCfg = Release|Any CPU
		{82D201C6-E035-4825-93EC-49EE3A768A09}.Release|Any CPU.Build.0 = Release|Any CPU
		{28422D6C-3A00-407B-A8DF-92250C35477F}.Debug|Any CPU.ActiveCfg = Debug|Any CPU
		{28422D6C-3A00-407B-A8DF-92250C35477F}.Debug|Any CPU.Build.0 = Debug|Any CPU
		{28422D6C-3A00-407B-A8DF-92250C35477F}.Release|Any CPU.ActiveCfg = Release|Any CPU
		{28422D6C-3A00-407B-A8DF-92250C35477F}.Release|Any CPU.Build.0 = Release|Any CPU
		{7C776130-F6BE-4294-8CFC-7A398A5E53AD}.Debug|Any CPU.ActiveCfg = Debug|Any CPU
		{7C776130-F6BE-4294-8CFC-7A398A5E53AD}.Debug|Any CPU.Build.0 = Debug|Any CPU
		{7C776130-F6BE-4294-8CFC-7A398A5E53AD}.Release|Any CPU.ActiveCfg = Release|Any CPU
		{7C776130-F6BE-4294-8CFC-7A398A5E53AD}.Release|Any CPU.Build.0 = Release|Any CPU
	EndGlobalSection
	GlobalSection(NestedProjects) = preSolution
		{82D201C6-E035-4825-93EC-49EE3A768A09} = {7C95D06E-6336-4BA3-927F-0EFE090B9AE8}
		{7C776130-F6BE-4294-8CFC-7A398A5E53AD} = {1333661B-2424-4E5D-AAB1-C14597A4959B}
	EndGlobalSection
EndGlobal
